dependencies:
- name: mongodb
  repository: https://raw.githubusercontent.com/bitnami/charts/defb094c658024e4aa8245622dab202874880cbc/bitnami
  version: 12.1.15
- name: application
  repository: https://stakater.github.io/stakater-charts
  version: 1.1.14
- name: application
  repository: https://stakater.github.io/stakater-charts
  version: 1.1.14
digest: sha256:14577f67e4f91b2da5fc56516987609649657782135836f60ba23fff4f98b5ae
generated: "2022-09-13T13:29:33.642376147+05:00"
